
Microsoft Visual Studio Solution File, Format Version 12.00
# Visual Studio Version 17
VisualStudioVersion = 17.13.35825.156 d17.13
MinimumVisualStudioVersion = 10.0.40219.1
Project("{FAE04EC0-301F-11D3-BF4B-00C04F79EFBC}") = "HotellMenu", "HotellMenu\HotellMenu.csproj", "{4EBFA713-F9F9-48F0-81D0-59069FCDF0B6}"
EndProject
Global
	GlobalSection(SolutionConfigurationPlatforms) = preSolution
		Debug|Any CPU = Debug|Any CPU
		Release|Any CPU = Release|Any CPU
	EndGlobalSection
	GlobalSection(ProjectConfigurationPlatforms) = postSolution
		{4EBFA713-F9F9-48F0-81D0-59069FCDF0B6}.Debug|Any CPU.ActiveCfg = Debug|Any CPU
		{4EBFA713-F9F9-48F0-81D0-59069FCDF0B6}.Debug|Any CPU.Build.0 = Debug|Any CPU
		{4EBFA713-F9F9-48F0-81D0-59069FCDF0B6}.Release|Any CPU.ActiveCfg = Release|Any CPU
		{4EBFA713-F9F9-48F0-81D0-59069FCDF0B6}.Release|Any CPU.Build.0 = Release|Any CPU
	EndGlobalSection
	GlobalSection(SolutionProperties) = preSolution
		HideSolutionNode = FALSE
	EndGlobalSection
	GlobalSection(ExtensibilityGlobals) = postSolution
		SolutionGuid = {A1F4CCB2-057D-418A-8242-3D38193E209A}
	EndGlobalSection
EndGlobal
